
Microsoft Visual Studio Solution File, Format Version 12.00
# Visual Studio Version 16
VisualStudioVersion = 16.0.29503.13
MinimumVisualStudioVersion = 10.0.40219.1
Project("{FAE04EC0-301F-11D3-BF4B-00C04F79EFBC}") = "DataLib", "DataLib\DataLib.csproj", "{6EDDC9B5-40E7-490C-B980-B78F0AC57D32}"
EndProject
Project("{FAE04EC0-301F-11D3-BF4B-00C04F79EFBC}") = "WpfApp1", "WpfApp1\WpfApp1.csproj", "{365A8E54-DE95-48B6-B3EC-7BEF1ECD5D31}"
EndProject
Global
	GlobalSection(SolutionConfigurationPlatforms) = preSolution
		Debug|Any CPU = Debug|Any CPU
		Release|Any CPU = Release|Any CPU
	EndGlobalSection
	GlobalSection(ProjectConfigurationPlatforms) = postSolution
		{6EDDC9B5-40E7-490C-B980-B78F0AC57D32}.Debug|Any CPU.ActiveCfg = Debug|Any CPU
		{6EDDC9B5-40E7-490C-B980-B78F0AC57D32}.Debug|Any CPU.Build.0 = Debug|Any CPU
		{6EDDC9B5-40E7-490C-B980-B78F0AC57D32}.Release|Any CPU.ActiveCfg = Release|Any CPU
		{6EDDC9B5-40E7-490C-B980-B78F0AC57D32}.Release|Any CPU.Build.0 = Release|Any CPU
		{365A8E54-DE95-48B6-B3EC-7BEF1ECD5D31}.Debug|Any CPU.ActiveCfg = Debug|Any CPU
		{365A8E54-DE95-48B6-B3EC-7BEF1ECD5D31}.Debug|Any CPU.Build.0 = Debug|Any CPU
		{365A8E54-DE95-48B6-B3EC-7BEF1ECD5D31}.Release|Any CPU.ActiveCfg = Release|Any CPU
		{365A8E54-DE95-48B6-B3EC-7BEF1ECD5D31}.Release|Any CPU.Build.0 = Release|Any CPU
	EndGlobalSection
	GlobalSection(SolutionProperties) = preSolution
		HideSolutionNode = FALSE
	EndGlobalSection
	GlobalSection(ExtensibilityGlobals) = postSolution
		SolutionGuid = {7DC774E9-F57D-4EE5-8968-A3C8B6A93D37}
	EndGlobalSection
EndGlobal
